// !$*UTF8*$!
{
	archiveVersion = 1;
	classes = {
	};
	objectVersion = 50;
	objects = {

/* Begin PBXBuildFile section */
		18FCB09322DD1A1400D8E15D /* AppDelegate.swift in Sources */ = {isa = PBXBuildFile; fileRef = 18FCB09222DD1A1400D8E15D /* AppDelegate.swift */; };
		18FCB09522DD1A1400D8E15D /* ViewController.swift in Sources */ = {isa = PBXBuildFile; fileRef = 18FCB09422DD1A1400D8E15D /* ViewController.swift */; };
		18FCB09822DD1A1400D8E15D /* Main.storyboard in Resources */ = {isa = PBXBuildFile; fileRef = 18FCB09622DD1A1400D8E15D /* Main.storyboard */; };
		18FCB09B22DD1A1400D8E15D /* SearchBae.xcdatamodeld in Sources */ = {isa = PBXBuildFile; fileRef = 18FCB09922DD1A1400D8E15D /* SearchBae.xcdatamodeld */; };
		18FCB09D22DD1A1600D8E15D /* Assets.xcassets in Resources */ = {isa = PBXBuildFile; fileRef = 18FCB09C22DD1A1600D8E15D /* Assets.xcassets */; };
		18FCB0A022DD1A1600D8E15D /* LaunchScreen.storyboard in Resources */ = {isa = PBXBuildFile; fileRef = 18FCB09E22DD1A1600D8E15D /* LaunchScreen.storyboard */; };
/* End PBXBuildFile section */

/* Begin PBXFileReference section */
		18FCB08F22DD1A1400D8E15D /* SearchBae.app */ = {isa = PBXFileReference; explicitFileType = wrapper.application; includeInIndex = 0; path = SearchBae.app; sourceTree = BUILT_PRODUCTS_DIR; };
		18FCB09222DD1A1400D8E15D /* AppDelegate.swift */ = {isa = PBXFileReference; lastKnownFileType = sourcecode.swift; path = AppDelegate.swift; sourceTree = "<group>"; };
		18FCB09422DD1A1400D8E15D /* ViewController.swift */ = {isa = PBXFileReference; lastKnownFileType = sourcecode.swift; path = ViewController.swift; sourceTree = "<group>"; };
		18FCB09722DD1A1400D8E15D /* Base */ = {isa = PBXFileReference; lastKnownFileType = file.storyboard; name = Base; path = Base.lproj/Main.storyboard; sourceTree = "<group>"; };
		18FCB09A22DD1A1400D8E15D /* SearchBae.xcdatamodel */ = {isa = PBXFileReference; lastKnownFileType = wrapper.xcdatamodel; path = SearchBae.xcdatamodel; sourceTree = "<group>"; };
		18FCB09C22DD1A1600D8E15D /* Assets.xcassets */ = {isa = PBXFileReference; lastKnownFileType = folder.assetcatalog; path = Assets.xcassets; sourceTree = "<group>"; };
		18FCB09F22DD1A1600D8E15D /* Base */ = {isa = PBXFileReference; lastKnownFileType = file.storyboard; name = Base; path = Base.lproj/LaunchScreen.storyboard; sourceTree = "<group>"; };
		18FCB0A122DD1A1600D8E15D /* Info.plist */ = {isa = PBXFileReference; lastKnownFileType = text.plist.xml; path = Info.plist; sourceTree = "<group>"; };
/* End PBXFileReference section */

/* Begin PBXFrameworksBuildPhase section */
		18FCB08C22DD1A1400D8E15D /* Frameworks */ = {
			isa = PBXFrameworksBuildPhase;
			buildActionMask = 2147483647;
			files = (
			);
			runOnlyForDeploymentPostprocessing = 0;
		};
/* End PBXFrameworksBuildPhase section */

/* Begin PBXGroup section */
		18FCB08622DD1A1400D8E15D = {
			isa = PBXGroup;
			children = (
				18FCB09122DD1A1400D8E15D /* SearchBae */,
				18FCB09022DD1A1400D8E15D /* Products */,
			);
			sourceTree = "<group>";
		};
		18FCB09022DD1A1400D8E15D /* Products */ = {
			isa = PBXGroup;
			children = (
				18FCB08F22DD1A1400D8E15D /* SearchBae.app */,
			);
			name = Products;
			sourceTree = "<group>";
		};
		18FCB09122DD1A1400D8E15D /* SearchBae */ = {
			isa = PBXGroup;
			children = (
				18FCB09222DD1A1400D8E15D /* AppDelegate.swift */,
				18FCB09422DD1A1400D8E15D /* ViewController.swift */,
				18FCB09622DD1A1400D8E15D /* Main.storyboard */,
				18FCB09C22DD1A1600D8E15D /* Assets.xcassets */,
				18FCB09E22DD1A1600D8E15D /* LaunchScreen.storyboard */,
				18FCB0A122DD1A1600D8E15D /* Info.plist */,
				18FCB09922DD1A1400D8E15D /* SearchBae.xcdatamodeld */,
			);
			path = SearchBae;
			sourceTree = "<group>";
		};
/* End PBXGroup section */

/* Begin PBXNativeTarget section */
		18FCB08E22DD1A1400D8E15D /* SearchBae */ = {
			isa = PBXNativeTarget;
			buildConfigurationList = 18FCB0A422DD1A1600D8E15D /* Build configuration list for PBXNativeTarget "SearchBae" */;
			buildPhases = (
				18FCB08B22DD1A1400D8E15D /* Sources */,
				18FCB08C22DD1A1400D8E15D /* Frameworks */,
				18FCB08D22DD1A1400D8E15D /* Resources */,
			);
			buildRules = (
			);
			dependencies = (
			);
			name = SearchBae;
			productName = SearchBae;
			productReference = 18FCB08F22DD1A1400D8E15D /* SearchBae.app */;
			productType = "com.apple.product-type.application";
		};
/* End PBXNativeTarget section */

/* Begin PBXProject section */
		18FCB08722DD1A1400D8E15D /* Project object */ = {
			isa = PBXProject;
			attributes = {
				LastSwiftUpdateCheck = 1020;
				LastUpgradeCheck = 1020;
				ORGANIZATIONNAME = Apple;
				TargetAttributes = {
					18FCB08E22DD1A1400D8E15D = {
						CreatedOnToolsVersion = 10.2.1;
					};
				};
			};
			buildConfigurationList = 18FCB08A22DD1A1400D8E15D /* Build configuration list for PBXProject "SearchBae" */;
			compatibilityVersion = "Xcode 9.3";
			developmentRegion = en;
			hasScannedForEncodings = 0;
			knownRegions = (
				en,
				Base,
			);
			mainGroup = 18FCB08622DD1A1400D8E15D;
			productRefGroup = 18FCB09022DD1A1400D8E15D /* Products */;
			projectDirPath = "";
			projectRoot = "";
			targets = (
				18FCB08E22DD1A1400D8E15D /* SearchBae */,
			);
		};
/* End PBXProject section */

/* Begin PBXResourcesBuildPhase section */
		18FCB08D22DD1A1400D8E15D /* Resources */ = {
			isa = PBXResourcesBuildPhase;
			buildActionMask = 2147483647;
			files = (
				18FCB0A022DD1A1600D8E15D /* LaunchScreen.storyboard in Resources */,
				18FCB09D22DD1A1600D8E15D /* Assets.xcassets in Resources */,
				18FCB09822DD1A1400D8E15D /* Main.storyboard in Resources */,
			);
			runOnlyForDeploymentPostprocessing = 0;
		};
/* End PBXResourcesBuildPhase section */

/* Begin PBXSourcesBuildPhase section */
		18FCB08B22DD1A1400D8E15D /* Sources */ = {
			isa = PBXSourcesBuildPhase;
			buildActionMask = 2147483647;
			files = (
				18FCB09522DD1A1400D8E15D /* ViewController.swift in Sources */,
				18FCB09322DD1A1400D8E15D /* AppDelegate.swift in Sources */,
				18FCB09B22DD1A1400D8E15D /* SearchBae.xcdatamodeld in Sources */,
			);
			runOnlyForDeploymentPostprocessing = 0;
		};
/* End PBXSourcesBuildPhase section */

/* Begin PBXVariantGroup section */
		18FCB09622DD1A1400D8E15D /* Main.storyboard */ = {
			isa = PBXVariantGroup;
			children = (
				18FCB09722DD1A1400D8E15D /* Base */,
			);
			name = Main.storyboard;
			sourceTree = "<group>";
		};
		18FCB09E22DD1A1600D8E15D /* LaunchScreen.storyboard */ = {
			isa = PBXVariantGroup;
			children = (
				18FCB09F22DD1A1600D8E15D /* Base */,
			);
			name = LaunchScreen.storyboard;
			sourceTree = "<group>";
		};
/* End PBXVariantGroup section */

/* Begin XCBuildConfiguration section */
		18FCB0A222DD1A1600D8E15D /* Debug */ = {
			isa = XCBuildConfiguration;
			buildSettings = {
				ALWAYS_SEARCH_USER_PATHS = NO;
				CLANG_ANALYZER_NONNULL = YES;
				CLANG_ANALYZER_NUMBER_OBJECT_CONVERSION = YES_AGGRESSIVE;
				CLANG_CXX_LANGUAGE_STANDARD = "gnu++14";
				CLANG_CXX_LIBRARY = "libc++";
				CLANG_ENABLE_MODULES = YES;
				CLANG_ENABLE_OBJC_ARC = YES;
				CLANG_ENABLE_OBJC_WEAK = YES;
				CLANG_WARN_BLOCK_CAPTURE_AUTORELEASING = YES;
				CLANG_WARN_BOOL_CONVERSION = YES;
				CLANG_WARN_COMMA = YES;
				CLANG_WARN_CONSTANT_CONVERSION = YES;
				CLANG_WARN_DEPRECATED_OBJC_IMPLEMENTATIONS = YES;
				CLANG_WARN_DIRECT_OBJC_ISA_USAGE = YES_ERROR;
				CLANG_WARN_DOCUMENTATION_COMMENTS = YES;
				CLANG_WARN_EMPTY_BODY = YES;
				CLANG_WARN_ENUM_CONVERSION = YES;
				CLANG_WARN_INFINITE_RECURSION = YES;
				CLANG_WARN_INT_CONVERSION = YES;
				CLANG_WARN_NON_LITERAL_NULL_CONVERSION = YES;
				CLANG_WARN_OBJC_IMPLICIT_RETAIN_SELF = YES;
				CLANG_WARN_OBJC_LITERAL_CONVERSION = YES;
				CLANG_WARN_OBJC_ROOT_CLASS = YES_ERROR;
				CLANG_WARN_RANGE_LOOP_ANALYSIS = YES;
				CLANG_WARN_STRICT_PROTOTYPES = YES;
				CLANG_WARN_SUSPICIOUS_MOVE = YES;
				CLANG_WARN_UNGUARDED_AVAILABILITY = YES_AGGRESSIVE;
				CLANG_WARN_UNREACHABLE_CODE = YES;
				CLANG_WARN__DUPLICATE_METHOD_MATCH = YES;
				CODE_SIGN_IDENTITY = "iPhone Developer";
				COPY_PHASE_STRIP = NO;
				DEBUG_INFORMATION_FORMAT = dwarf;
				ENABLE_STRICT_OBJC_MSGSEND = YES;
				ENABLE_TESTABILITY = YES;
				GCC_C_LANGUAGE_STANDARD = gnu11;
				GCC_DYNAMIC_NO_PIC = NO;
				GCC_NO_COMMON_BLOCKS = YES;
				GCC_OPTIMIZATION_LEVEL = 0;
				GCC_PREPROCESSOR_DEFINITIONS = (
					"DEBUG=1",
					"$(inherited)",
				);
				GCC_WARN_64_TO_32_BIT_CONVERSION = YES;
				GCC_WARN_ABOUT_RETURN_TYPE = YES_ERROR;
				GCC_WARN_UNDECLARED_SELECTOR = YES;
				GCC_WARN_UNINITIALIZED_AUTOS = YES_AGGRESSIVE;
				GCC_WARN_UNUSED_FUNCTION = YES;
				GCC_WARN_UNUSED_VARIABLE = YES;
				IPHONEOS_DEPLOYMENT_TARGET = 12.2;
				MTL_ENABLE_DEBUG_INFO = INCLUDE_SOURCE;
				MTL_FAST_MATH = YES;
				ONLY_ACTIVE_ARCH = YES;
				SDKROOT = iphoneos;
				SWIFT_ACTIVE_COMPILATION_CONDITIONS = DEBUG;
				SWIFT_OPTIMIZATION_LEVEL = "-Onone";
			};
			name = Debug;
		};
		18FCB0A322DD1A1600D8E15D /* Release */ = {
			isa = XCBuildConfiguration;
			buildSettings = {
				ALWAYS_SEARCH_USER_PATHS = NO;
				CLANG_ANALYZER_NONNULL = YES;
				CLANG_ANALYZER_NUMBER_OBJECT_CONVERSION = YES_AGGRESSIVE;
				CLANG_CXX_LANGUAGE_STANDARD = "gnu++14";
				CLANG_CXX_LIBRARY = "libc++";
				CLANG_ENABLE_MODULES = YES;
				CLANG_ENABLE_OBJC_ARC = YES;
				CLANG_ENABLE_OBJC_WEAK = YES;
				CLANG_WARN_BLOCK_CAPTURE_AUTORELEASING = YES;
				CLANG_WARN_BOOL_CONVERSION = YES;
				CLANG_WARN_COMMA = YES;
				CLANG_WARN_CONSTANT_CONVERSION = YES;
				CLANG_WARN_DEPRECATED_OBJC_IMPLEMENTATIONS = YES;
				CLANG_WARN_DIRECT_OBJC_ISA_USAGE = YES_ERROR;
				CLANG_WARN_DOCUMENTATION_COMMENTS = YES;
				CLANG_WARN_EMPTY_BODY = YES;
				CLANG_WARN_ENUM_CONVERSION = YES;
				CLANG_WARN_INFINITE_RECURSION = YES;
				CLANG_WARN_INT_CONVERSION = YES;
				CLANG_WARN_NON_LITERAL_NULL_CONVERSION = YES;
				CLANG_WARN_OBJC_IMPLICIT_RETAIN_SELF = YES;
				CLANG_WARN_OBJC_LITERAL_CONVERSION = YES;
				CLANG_WARN_OBJC_ROOT_CLASS = YES_ERROR;
				CLANG_WARN_RANGE_LOOP_ANALYSIS = YES;
				CLANG_WARN_STRICT_PROTOTYPES = YES;
				CLANG_WARN_SUSPICIOUS_MOVE = YES;
				CLANG_WARN_UNGUARDED_AVAILABILITY = YES_AGGRESSIVE;
				CLANG_WARN_UNREACHABLE_CODE = YES;
				CLANG_WARN__DUPLICATE_METHOD_MATCH = YES;
				CODE_SIGN_IDENTITY = "iPhone Developer";
				COPY_PHASE_STRIP = NO;
				DEBUG_INFORMATION_FORMAT = "dwarf-with-dsym";
				ENABLE_NS_ASSERTIONS = NO;
				ENABLE_STRICT_OBJC_MSGSEND = YES;
				GCC_C_LANGUAGE_STANDARD = gnu11;
				GCC_NO_COMMON_BLOCKS = YES;
				GCC_WARN_64_TO_32_BIT_CONVERSION = YES;
				GCC_WARN_ABOUT_RETURN_TYPE = YES_ERROR;
				GCC_WARN_UNDECLARED_SELECTOR = YES;
				GCC_WARN_UNINITIALIZED_AUTOS = YES_AGGRESSIVE;
				GCC_WARN_UNUSED_FUNCTION = YES;
				GCC_WARN_UNUSED_VARIABLE = YES;
				IPHONEOS_DEPLOYMENT_TARGET = 12.2;
				MTL_ENABLE_DEBUG_INFO = NO;
				MTL_FAST_MATH = YES;
				SDKROOT = iphoneos;
				SWIFT_COMPILATION_MODE = wholemodule;
				SWIFT_OPTIMIZATION_LEVEL = "-O";
				VALIDATE_PRODUCT = YES;
			};
			name = Release;
		};
		18FCB0A522DD1A1600D8E15D /* Debug */ = {
			isa = XCBuildConfiguration;
			buildSettings = {
				ASSETCATALOG_COMPILER_APPICON_NAME = AppIcon;
				CODE_SIGN_STYLE = Automatic;
				INFOPLIST_FILE = SearchBae/Info.plist;
				LD_RUNPATH_SEARCH_PATHS = (
					"$(inherited)",
					"@executable_path/Frameworks",
				);
				PRODUCT_BUNDLE_IDENTIFIER = KWK.SearchBae;
				PRODUCT_NAME = "$(TARGET_NAME)";
				SWIFT_VERSION = 5.0;
				TARGETED_DEVICE_FAMILY = "1,2";
			};
			name = Debug;
		};
		18FCB0A622DD1A1600D8E15D /* Release */ = {
			isa = XCBuildConfiguration;
			buildSettings = {
				ASSETCATALOG_COMPILER_APPICON_NAME = AppIcon;
				CODE_SIGN_STYLE = Automatic;
				INFOPLIST_FILE = SearchBae/Info.plist;
				LD_RUNPATH_SEARCH_PATHS = (
					"$(inherited)",
					"@executable_path/Frameworks",
				);
				PRODUCT_BUNDLE_IDENTIFIER = KWK.SearchBae;
				PRODUCT_NAME = "$(TARGET_NAME)";
				SWIFT_VERSION = 5.0;
				TARGETED_DEVICE_FAMILY = "1,2";
			};
			name = Release;
		};
/* End XCBuildConfiguration section */

/* Begin XCConfigurationList section */
		18FCB08A22DD1A1400D8E15D /* Build configuration list for PBXProject "SearchBae" */ = {
			isa = XCConfigurationList;
			buildConfigurations = (
				18FCB0A222DD1A1600D8E15D /* Debug */,
				18FCB0A322DD1A1600D8E15D /* Release */,
			);
			defaultConfigurationIsVisible = 0;
			defaultConfigurationName = Release;
		};
		18FCB0A422DD1A1600D8E15D /* Build configuration list for PBXNativeTarget "SearchBae" */ = {
			isa = XCConfigurationList;
			buildConfigurations = (
				18FCB0A522DD1A1600D8E15D /* Debug */,
				18FCB0A622DD1A1600D8E15D /* Release */,
			);
			defaultConfigurationIsVisible = 0;
			defaultConfigurationName = Release;
		};
/* End XCConfigurationList section */

/* Begin XCVersionGroup section */
		18FCB09922DD1A1400D8E15D /* SearchBae.xcdatamodeld */ = {
			isa = XCVersionGroup;
			children = (
				18FCB09A22DD1A1400D8E15D /* SearchBae.xcdatamodel */,
			);
			currentVersion = 18FCB09A22DD1A1400D8E15D /* SearchBae.xcdatamodel */;
			path = SearchBae.xcdatamodeld;
			sourceTree = "<group>";
			versionGroupType = wrapper.xcdatamodel;
		};
/* End XCVersionGroup section */
	};
	rootObject = 18FCB08722DD1A1400D8E15D /* Project object */;
}
